// !$*UTF8*$!
{
	archiveVersion = 1;
	classes = {
	};
	objectVersion = 55;
	objects = {

/* Begin PBXBuildFile section */
		15492194289BF9F0003E7647 /* AngularButtonStyle.swift in Sources */ = {isa = PBXBuildFile; fileRef = 15492193289BF9F0003E7647 /* AngularButtonStyle.swift */; };
		15492196289C0183003E7647 /* InputStyle.swift in Sources */ = {isa = PBXBuildFile; fileRef = 15492195289C0183003E7647 /* InputStyle.swift */; };
		15492198289C210A003E7647 /* ModalView.swift in Sources */ = {isa = PBXBuildFile; fileRef = 15492197289C210A003E7647 /* ModalView.swift */; };
		1549219A289C222B003E7647 /* SignInView.swift in Sources */ = {isa = PBXBuildFile; fileRef = 15492199289C222B003E7647 /* SignInView.swift */; };
		1549219D289C5547003E7647 /* AvatarView.swift in Sources */ = {isa = PBXBuildFile; fileRef = 1549219C289C5547003E7647 /* AvatarView.swift */; };
		1549219F289D0F99003E7647 /* Coin.swift in Sources */ = {isa = PBXBuildFile; fileRef = 1549219E289D0F99003E7647 /* Coin.swift */; };
		154921A1289D13A3003E7647 /* Address.swift in Sources */ = {isa = PBXBuildFile; fileRef = 154921A0289D13A3003E7647 /* Address.swift */; };
		154921A3289D51C7003E7647 /* CircularView.swift in Sources */ = {isa = PBXBuildFile; fileRef = 154921A2289D51C7003E7647 /* CircularView.swift */; };
		154921A5289D52D9003E7647 /* CourseSection.swift in Sources */ = {isa = PBXBuildFile; fileRef = 154921A4289D52D9003E7647 /* CourseSection.swift */; };
		154921A7289D5330003E7647 /* SectionRow.swift in Sources */ = {isa = PBXBuildFile; fileRef = 154921A6289D5330003E7647 /* SectionRow.swift */; };
		154921A9289D5479003E7647 /* SectionView.swift in Sources */ = {isa = PBXBuildFile; fileRef = 154921A8289D5479003E7647 /* SectionView.swift */; };
		154921AB289D5A8B003E7647 /* PlayView.swift in Sources */ = {isa = PBXBuildFile; fileRef = 154921AA289D5A8B003E7647 /* PlayView.swift */; };
		154921AD289D5AB4003E7647 /* ExploreView.swift in Sources */ = {isa = PBXBuildFile; fileRef = 154921AC289D5AB4003E7647 /* ExploreView.swift */; };
		154921AF289D5AD9003E7647 /* SmallCourseItem.swift in Sources */ = {isa = PBXBuildFile; fileRef = 154921AE289D5AD9003E7647 /* SmallCourseItem.swift */; };
		155FEFEC289916E50045B3CE /* Tab.swift in Sources */ = {isa = PBXBuildFile; fileRef = 155FEFEB289916E40045B3CE /* Tab.swift */; };
		1570F9C1289BD8F9009C9704 /* Suggestion.swift in Sources */ = {isa = PBXBuildFile; fileRef = 1570F9C0289BD8F9009C9704 /* Suggestion.swift */; };
		1570F9C3289BF23A009C9704 /* SignUpView.swift in Sources */ = {isa = PBXBuildFile; fileRef = 1570F9C2289BF23A009C9704 /* SignUpView.swift */; };
		15766EE2289828EE00A5AFB5 /* TabBar.swift in Sources */ = {isa = PBXBuildFile; fileRef = 15766EE1289828EE00A5AFB5 /* TabBar.swift */; };
		15A183DA2897C8CC00A69EF5 /* AccountView.swift in Sources */ = {isa = PBXBuildFile; fileRef = 15A183D92897C8CC00A69EF5 /* AccountView.swift */; };
		15A183DC2898049900A69EF5 /* HexagonView.swift in Sources */ = {isa = PBXBuildFile; fileRef = 15A183DB2898049900A69EF5 /* HexagonView.swift */; };
		15A183DE28980C3200A69EF5 /* BlobView.swift in Sources */ = {isa = PBXBuildFile; fileRef = 15A183DD28980C3200A69EF5 /* BlobView.swift */; };
		15A30AA128993C6500F9585C /* HomeView.swift in Sources */ = {isa = PBXBuildFile; fileRef = 15A30AA028993C6500F9585C /* HomeView.swift */; };
		15A30AA8289954F300F9585C /* FeaturedItem.swift in Sources */ = {isa = PBXBuildFile; fileRef = 15A30AA7289954F300F9585C /* FeaturedItem.swift */; };
		15A30AAA2899570F00F9585C /* NavigationBar.swift in Sources */ = {isa = PBXBuildFile; fileRef = 15A30AA92899570E00F9585C /* NavigationBar.swift */; };
		15A30AAC289964DF00F9585C /* PreferenceKeys.swift in Sources */ = {isa = PBXBuildFile; fileRef = 15A30AAB289964DF00F9585C /* PreferenceKeys.swift */; };
		15A30AAE2899734000F9585C /* AnimatableFontModifier.swift in Sources */ = {isa = PBXBuildFile; fileRef = 15A30AAD2899734000F9585C /* AnimatableFontModifier.swift */; };
		15CE1427289A6B96008E2359 /* Course.swift in Sources */ = {isa = PBXBuildFile; fileRef = 15CE1426289A6B96008E2359 /* Course.swift */; };
		15CE1429289A781A008E2359 /* MatchedView.swift in Sources */ = {isa = PBXBuildFile; fileRef = 15CE1428289A781A008E2359 /* MatchedView.swift */; };
		15CE142B289A93D3008E2359 /* CourseItem.swift in Sources */ = {isa = PBXBuildFile; fileRef = 15CE142A289A93D3008E2359 /* CourseItem.swift */; };
		15CE142D289A95F4008E2359 /* CourseView.swift in Sources */ = {isa = PBXBuildFile; fileRef = 15CE142C289A95F4008E2359 /* CourseView.swift */; };
		15CE142F289AB5C5008E2359 /* Animations.swift in Sources */ = {isa = PBXBuildFile; fileRef = 15CE142E289AB5C5008E2359 /* Animations.swift */; };
		15CE1431289ADC97008E2359 /* Model.swift in Sources */ = {isa = PBXBuildFile; fileRef = 15CE1430289ADC97008E2359 /* Model.swift */; };
		15E8F1C7289406AD00E940C8 /* DesignCodeTrainingApp.swift in Sources */ = {isa = PBXBuildFile; fileRef = 15E8F1C6289406AD00E940C8 /* DesignCodeTrainingApp.swift */; };
		15E8F1C9289406AD00E940C8 /* ContentView.swift in Sources */ = {isa = PBXBuildFile; fileRef = 15E8F1C8289406AD00E940C8 /* ContentView.swift */; };
		15E8F1CB289406B300E940C8 /* Assets.xcassets in Resources */ = {isa = PBXBuildFile; fileRef = 15E8F1CA289406B300E940C8 /* Assets.xcassets */; };
		15E8F1CE289406B300E940C8 /* Preview Assets.xcassets in Resources */ = {isa = PBXBuildFile; fileRef = 15E8F1CD289406B300E940C8 /* Preview Assets.xcassets */; };
		15E8F1D5289443D600E940C8 /* Styles.swift in Sources */ = {isa = PBXBuildFile; fileRef = 15E8F1D4289443D600E940C8 /* Styles.swift */; };
		15F76546289BD13300870780 /* SearchView.swift in Sources */ = {isa = PBXBuildFile; fileRef = 15F76545289BD13300870780 /* SearchView.swift */; };
/* End PBXBuildFile section */

/* Begin PBXFileReference section */
		15492193289BF9F0003E7647 /* AngularButtonStyle.swift */ = {isa = PBXFileReference; lastKnownFileType = sourcecode.swift; path = AngularButtonStyle.swift; sourceTree = "<group>"; };
		15492195289C0183003E7647 /* InputStyle.swift */ = {isa = PBXFileReference; lastKnownFileType = sourcecode.swift; path = InputStyle.swift; sourceTree = "<group>"; };
		15492197289C210A003E7647 /* ModalView.swift */ = {isa = PBXFileReference; lastKnownFileType = sourcecode.swift; path = ModalView.swift; sourceTree = "<group>"; };
		15492199289C222B003E7647 /* SignInView.swift */ = {isa = PBXFileReference; lastKnownFileType = sourcecode.swift; path = SignInView.swift; sourceTree = "<group>"; };
		1549219C289C5547003E7647 /* AvatarView.swift */ = {isa = PBXFileReference; lastKnownFileType = sourcecode.swift; path = AvatarView.swift; sourceTree = "<group>"; };
		1549219E289D0F99003E7647 /* Coin.swift */ = {isa = PBXFileReference; lastKnownFileType = sourcecode.swift; path = Coin.swift; sourceTree = "<group>"; };
		154921A0289D13A3003E7647 /* Address.swift */ = {isa = PBXFileReference; lastKnownFileType = sourcecode.swift; path = Address.swift; sourceTree = "<group>"; };
		154921A2289D51C7003E7647 /* CircularView.swift */ = {isa = PBXFileReference; lastKnownFileType = sourcecode.swift; path = CircularView.swift; sourceTree = "<group>"; };
		154921A4289D52D9003E7647 /* CourseSection.swift */ = {isa = PBXFileReference; lastKnownFileType = sourcecode.swift; path = CourseSection.swift; sourceTree = "<group>"; };
		154921A6289D5330003E7647 /* SectionRow.swift */ = {isa = PBXFileReference; lastKnownFileType = sourcecode.swift; path = SectionRow.swift; sourceTree = "<group>"; };
		154921A8289D5479003E7647 /* SectionView.swift */ = {isa = PBXFileReference; lastKnownFileType = sourcecode.swift; path = SectionView.swift; sourceTree = "<group>"; };
		154921AA289D5A8B003E7647 /* PlayView.swift */ = {isa = PBXFileReference; lastKnownFileType = sourcecode.swift; path = PlayView.swift; sourceTree = "<group>"; };
		154921AC289D5AB4003E7647 /* ExploreView.swift */ = {isa = PBXFileReference; lastKnownFileType = sourcecode.swift; path = ExploreView.swift; sourceTree = "<group>"; };
		154921AE289D5AD9003E7647 /* SmallCourseItem.swift */ = {isa = PBXFileReference; lastKnownFileType = sourcecode.swift; path = SmallCourseItem.swift; sourceTree = "<group>"; };
		155FEFEB289916E40045B3CE /* Tab.swift */ = {isa = PBXFileReference; lastKnownFileType = sourcecode.swift; path = Tab.swift; sourceTree = "<group>"; };
		1570F9C0289BD8F9009C9704 /* Suggestion.swift */ = {isa = PBXFileReference; lastKnownFileType = sourcecode.swift; path = Suggestion.swift; sourceTree = "<group>"; };
		1570F9C2289BF23A009C9704 /* SignUpView.swift */ = {isa = PBXFileReference; lastKnownFileType = sourcecode.swift; path = SignUpView.swift; sourceTree = "<group>"; };
		15766EE1289828EE00A5AFB5 /* TabBar.swift */ = {isa = PBXFileReference; lastKnownFileType = sourcecode.swift; path = TabBar.swift; sourceTree = "<group>"; };
		15A183D92897C8CC00A69EF5 /* AccountView.swift */ = {isa = PBXFileReference; lastKnownFileType = sourcecode.swift; path = AccountView.swift; sourceTree = "<group>"; };
		15A183DB2898049900A69EF5 /* HexagonView.swift */ = {isa = PBXFileReference; lastKnownFileType = sourcecode.swift; path = HexagonView.swift; sourceTree = "<group>"; };
		15A183DD28980C3200A69EF5 /* BlobView.swift */ = {isa = PBXFileReference; lastKnownFileType = sourcecode.swift; path = BlobView.swift; sourceTree = "<group>"; };
		15A30AA028993C6500F9585C /* HomeView.swift */ = {isa = PBXFileReference; lastKnownFileType = sourcecode.swift; path = HomeView.swift; sourceTree = "<group>"; };
		15A30AA7289954F300F9585C /* FeaturedItem.swift */ = {isa = PBXFileReference; lastKnownFileType = sourcecode.swift; path = FeaturedItem.swift; sourceTree = "<group>"; };
		15A30AA92899570E00F9585C /* NavigationBar.swift */ = {isa = PBXFileReference; lastKnownFileType = sourcecode.swift; path = NavigationBar.swift; sourceTree = "<group>"; };
		15A30AAB289964DF00F9585C /* PreferenceKeys.swift */ = {isa = PBXFileReference; lastKnownFileType = sourcecode.swift; path = PreferenceKeys.swift; sourceTree = "<group>"; };
		15A30AAD2899734000F9585C /* AnimatableFontModifier.swift */ = {isa = PBXFileReference; lastKnownFileType = sourcecode.swift; path = AnimatableFontModifier.swift; sourceTree = "<group>"; };
		15CE1426289A6B96008E2359 /* Course.swift */ = {isa = PBXFileReference; lastKnownFileType = sourcecode.swift; path = Course.swift; sourceTree = "<group>"; };
		15CE1428289A781A008E2359 /* MatchedView.swift */ = {isa = PBXFileReference; lastKnownFileType = sourcecode.swift; path = MatchedView.swift; sourceTree = "<group>"; };
		15CE142A289A93D3008E2359 /* CourseItem.swift */ = {isa = PBXFileReference; lastKnownFileType = sourcecode.swift; path = CourseItem.swift; sourceTree = "<group>"; };
		15CE142C289A95F4008E2359 /* CourseView.swift */ = {isa = PBXFileReference; lastKnownFileType = sourcecode.swift; path = CourseView.swift; sourceTree = "<group>"; };
		15CE142E289AB5C5008E2359 /* Animations.swift */ = {isa = PBXFileReference; lastKnownFileType = sourcecode.swift; path = Animations.swift; sourceTree = "<group>"; };
		15CE1430289ADC97008E2359 /* Model.swift */ = {isa = PBXFileReference; lastKnownFileType = sourcecode.swift; path = Model.swift; sourceTree = "<group>"; };
		15E8F1C3289406AD00E940C8 /* DesignCodeTraining.app */ = {isa = PBXFileReference; explicitFileType = wrapper.application; includeInIndex = 0; path = DesignCodeTraining.app; sourceTree = BUILT_PRODUCTS_DIR; };
		15E8F1C6289406AD00E940C8 /* DesignCodeTrainingApp.swift */ = {isa = PBXFileReference; lastKnownFileType = sourcecode.swift; path = DesignCodeTrainingApp.swift; sourceTree = "<group>"; };
		15E8F1C8289406AD00E940C8 /* ContentView.swift */ = {isa = PBXFileReference; lastKnownFileType = sourcecode.swift; path = ContentView.swift; sourceTree = "<group>"; };
		15E8F1CA289406B300E940C8 /* Assets.xcassets */ = {isa = PBXFileReference; lastKnownFileType = folder.assetcatalog; path = Assets.xcassets; sourceTree = "<group>"; };
		15E8F1CD289406B300E940C8 /* Preview Assets.xcassets */ = {isa = PBXFileReference; lastKnownFileType = folder.assetcatalog; path = "Preview Assets.xcassets"; sourceTree = "<group>"; };
		15E8F1D4289443D600E940C8 /* Styles.swift */ = {isa = PBXFileReference; lastKnownFileType = sourcecode.swift; path = Styles.swift; sourceTree = "<group>"; };
		15F76545289BD13300870780 /* SearchView.swift */ = {isa = PBXFileReference; lastKnownFileType = sourcecode.swift; path = SearchView.swift; sourceTree = "<group>"; };
/* End PBXFileReference section */

/* Begin PBXFrameworksBuildPhase section */
		15E8F1C0289406AD00E940C8 /* Frameworks */ = {
			isa = PBXFrameworksBuildPhase;
			buildActionMask = 2147483647;
			files = (
			);
			runOnlyForDeploymentPostprocessing = 0;
		};
/* End PBXFrameworksBuildPhase section */

/* Begin PBXGroup section */
		1549219B289C2F0B003E7647 /* Modals */ = {
			isa = PBXGroup;
			children = (
				1570F9C2289BF23A009C9704 /* SignUpView.swift */,
				15492199289C222B003E7647 /* SignInView.swift */,
				15492197289C210A003E7647 /* ModalView.swift */,
			);
			path = Modals;
			sourceTree = "<group>";
		};
		15A30AA228993FCB00F9585C /* Navigation */ = {
			isa = PBXGroup;
			children = (
				15E8F1C8289406AD00E940C8 /* ContentView.swift */,
				15766EE1289828EE00A5AFB5 /* TabBar.swift */,
				15A30AA92899570E00F9585C /* NavigationBar.swift */,
			);
			path = Navigation;
			sourceTree = "<group>";
		};
		15A30AA328993FE600F9585C /* Styles */ = {
			isa = PBXGroup;
			children = (
				15E8F1D4289443D600E940C8 /* Styles.swift */,
				15A30AAD2899734000F9585C /* AnimatableFontModifier.swift */,
				15CE142E289AB5C5008E2359 /* Animations.swift */,
				15492193289BF9F0003E7647 /* AngularButtonStyle.swift */,
				15492195289C0183003E7647 /* InputStyle.swift */,
			);
			path = Styles;
			sourceTree = "<group>";
		};
		15A30AA42899401700F9585C /* Views */ = {
			isa = PBXGroup;
			children = (
				15A183D92897C8CC00A69EF5 /* AccountView.swift */,
				154921AC289D5AB4003E7647 /* ExploreView.swift */,
				15A30AA028993C6500F9585C /* HomeView.swift */,
				15CE1428289A781A008E2359 /* MatchedView.swift */,
				154921A8289D5479003E7647 /* SectionView.swift */,
				15CE142C289A95F4008E2359 /* CourseView.swift */,
				1549219B289C2F0B003E7647 /* Modals */,
				15F76545289BD13300870780 /* SearchView.swift */,
			);
			path = Views;
			sourceTree = "<group>";
		};
		15A30AA52899403800F9585C /* Components */ = {
			isa = PBXGroup;
			children = (
				15A183DD28980C3200A69EF5 /* BlobView.swift */,
				15A183DB2898049900A69EF5 /* HexagonView.swift */,
				15A30AA7289954F300F9585C /* FeaturedItem.swift */,
				15CE142A289A93D3008E2359 /* CourseItem.swift */,
				154921AE289D5AD9003E7647 /* SmallCourseItem.swift */,
				1549219C289C5547003E7647 /* AvatarView.swift */,
				154921A2289D51C7003E7647 /* CircularView.swift */,
				154921AA289D5A8B003E7647 /* PlayView.swift */,
				154921A6289D5330003E7647 /* SectionRow.swift */,
			);
			path = Components;
			sourceTree = "<group>";
		};
		15A30AA62899404E00F9585C /* Model */ = {
			isa = PBXGroup;
			children = (
				155FEFEB289916E40045B3CE /* Tab.swift */,
				15A30AAB289964DF00F9585C /* PreferenceKeys.swift */,
				15CE1426289A6B96008E2359 /* Course.swift */,
				15CE1430289ADC97008E2359 /* Model.swift */,
				1570F9C0289BD8F9009C9704 /* Suggestion.swift */,
				154921A0289D13A3003E7647 /* Address.swift */,
				1549219E289D0F99003E7647 /* Coin.swift */,
				154921A4289D52D9003E7647 /* CourseSection.swift */,
			);
			path = Model;
			sourceTree = "<group>";
		};
		15E8F1BA289406AD00E940C8 = {
			isa = PBXGroup;
			children = (
				15E8F1C5289406AD00E940C8 /* DesignCodeTraining */,
				15E8F1C4289406AD00E940C8 /* Products */,
			);
			sourceTree = "<group>";
		};
		15E8F1C4289406AD00E940C8 /* Products */ = {
			isa = PBXGroup;
			children = (
				15E8F1C3289406AD00E940C8 /* DesignCodeTraining.app */,
			);
			name = Products;
			sourceTree = "<group>";
		};
		15E8F1C5289406AD00E940C8 /* DesignCodeTraining */ = {
			isa = PBXGroup;
			children = (
				15E8F1C6289406AD00E940C8 /* DesignCodeTrainingApp.swift */,
				15A30AA228993FCB00F9585C /* Navigation */,
				15A30AA42899401700F9585C /* Views */,
				15A30AA52899403800F9585C /* Components */,
				15A30AA62899404E00F9585C /* Model */,
				15A30AA328993FE600F9585C /* Styles */,
				15E8F1CA289406B300E940C8 /* Assets.xcassets */,
				15E8F1CC289406B300E940C8 /* Preview Content */,
			);
			path = DesignCodeTraining;
			sourceTree = "<group>";
		};
		15E8F1CC289406B300E940C8 /* Preview Content */ = {
			isa = PBXGroup;
			children = (
				15E8F1CD289406B300E940C8 /* Preview Assets.xcassets */,
			);
			path = "Preview Content";
			sourceTree = "<group>";
		};
/* End PBXGroup section */

/* Begin PBXNativeTarget section */
		15E8F1C2289406AD00E940C8 /* DesignCodeTraining */ = {
			isa = PBXNativeTarget;
			buildConfigurationList = 15E8F1D1289406B300E940C8 /* Build configuration list for PBXNativeTarget "DesignCodeTraining" */;
			buildPhases = (
				15E8F1BF289406AD00E940C8 /* Sources */,
				15E8F1C0289406AD00E940C8 /* Frameworks */,
				15E8F1C1289406AD00E940C8 /* Resources */,
			);
			buildRules = (
			);
			dependencies = (
			);
			name = DesignCodeTraining;
			productName = DesignCodeTraining;
			productReference = 15E8F1C3289406AD00E940C8 /* DesignCodeTraining.app */;
			productType = "com.apple.product-type.application";
		};
/* End PBXNativeTarget section */

/* Begin PBXProject section */
		15E8F1BB289406AD00E940C8 /* Project object */ = {
			isa = PBXProject;
			attributes = {
				BuildIndependentTargetsInParallel = 1;
				LastSwiftUpdateCheck = 1340;
				LastUpgradeCheck = 1340;
				TargetAttributes = {
					15E8F1C2289406AD00E940C8 = {
						CreatedOnToolsVersion = 13.4.1;
					};
				};
			};
			buildConfigurationList = 15E8F1BE289406AD00E940C8 /* Build configuration list for PBXProject "DesignCodeTraining" */;
			compatibilityVersion = "Xcode 13.0";
			developmentRegion = en;
			hasScannedForEncodings = 0;
			knownRegions = (
				en,
				Base,
			);
			mainGroup = 15E8F1BA289406AD00E940C8;
			productRefGroup = 15E8F1C4289406AD00E940C8 /* Products */;
			projectDirPath = "";
			projectRoot = "";
			targets = (
				15E8F1C2289406AD00E940C8 /* DesignCodeTraining */,
			);
		};
/* End PBXProject section */

/* Begin PBXResourcesBuildPhase section */
		15E8F1C1289406AD00E940C8 /* Resources */ = {
			isa = PBXResourcesBuildPhase;
			buildActionMask = 2147483647;
			files = (
				15E8F1CE289406B300E940C8 /* Preview Assets.xcassets in Resources */,
				15E8F1CB289406B300E940C8 /* Assets.xcassets in Resources */,
			);
			runOnlyForDeploymentPostprocessing = 0;
		};
/* End PBXResourcesBuildPhase section */

/* Begin PBXSourcesBuildPhase section */
		15E8F1BF289406AD00E940C8 /* Sources */ = {
			isa = PBXSourcesBuildPhase;
			buildActionMask = 2147483647;
			files = (
				15F76546289BD13300870780 /* SearchView.swift in Sources */,
				15A30AA128993C6500F9585C /* HomeView.swift in Sources */,
				154921A9289D5479003E7647 /* SectionView.swift in Sources */,
				15A183DA2897C8CC00A69EF5 /* AccountView.swift in Sources */,
				154921AB289D5A8B003E7647 /* PlayView.swift in Sources */,
				15CE142D289A95F4008E2359 /* CourseView.swift in Sources */,
				15A183DC2898049900A69EF5 /* HexagonView.swift in Sources */,
				1570F9C1289BD8F9009C9704 /* Suggestion.swift in Sources */,
				1549219F289D0F99003E7647 /* Coin.swift in Sources */,
				15E8F1D5289443D600E940C8 /* Styles.swift in Sources */,
				1549219D289C5547003E7647 /* AvatarView.swift in Sources */,
				154921A1289D13A3003E7647 /* Address.swift in Sources */,
				15CE1429289A781A008E2359 /* MatchedView.swift in Sources */,
				155FEFEC289916E50045B3CE /* Tab.swift in Sources */,
				154921AD289D5AB4003E7647 /* ExploreView.swift in Sources */,
				15A30AAA2899570F00F9585C /* NavigationBar.swift in Sources */,
				15492194289BF9F0003E7647 /* AngularButtonStyle.swift in Sources */,
				15A183DE28980C3200A69EF5 /* BlobView.swift in Sources */,
				154921A3289D51C7003E7647 /* CircularView.swift in Sources */,
				154921A5289D52D9003E7647 /* CourseSection.swift in Sources */,
				15E8F1C9289406AD00E940C8 /* ContentView.swift in Sources */,
				154921AF289D5AD9003E7647 /* SmallCourseItem.swift in Sources */,
				15CE1427289A6B96008E2359 /* Course.swift in Sources */,
				15492198289C210A003E7647 /* ModalView.swift in Sources */,
				15E8F1C7289406AD00E940C8 /* DesignCodeTrainingApp.swift in Sources */,
				1549219A289C222B003E7647 /* SignInView.swift in Sources */,
				15CE142B289A93D3008E2359 /* CourseItem.swift in Sources */,
				15A30AA8289954F300F9585C /* FeaturedItem.swift in Sources */,
				154921A7289D5330003E7647 /* SectionRow.swift in Sources */,
				1570F9C3289BF23A009C9704 /* SignUpView.swift in Sources */,
				15CE142F289AB5C5008E2359 /* Animations.swift in Sources */,
				15A30AAC289964DF00F9585C /* PreferenceKeys.swift in Sources */,
				15492196289C0183003E7647 /* InputStyle.swift in Sources */,
				15CE1431289ADC97008E2359 /* Model.swift in Sources */,
				15766EE2289828EE00A5AFB5 /* TabBar.swift in Sources */,
				15A30AAE2899734000F9585C /* AnimatableFontModifier.swift in Sources */,
			);
			runOnlyForDeploymentPostprocessing = 0;
		};
/* End PBXSourcesBuildPhase section */

/* Begin XCBuildConfiguration section */
		15E8F1CF289406B300E940C8 /* Debug */ = {
			isa = XCBuildConfiguration;
			buildSettings = {
				ALWAYS_SEARCH_USER_PATHS = NO;
				CLANG_ANALYZER_NONNULL = YES;
				CLANG_ANALYZER_NUMBER_OBJECT_CONVERSION = YES_AGGRESSIVE;
				CLANG_CXX_LANGUAGE_STANDARD = "gnu++17";
				CLANG_ENABLE_MODULES = YES;
				CLANG_ENABLE_OBJC_ARC = YES;
				CLANG_ENABLE_OBJC_WEAK = YES;
				CLANG_WARN_BLOCK_CAPTURE_AUTORELEASING = YES;
				CLANG_WARN_BOOL_CONVERSION = YES;
				CLANG_WARN_COMMA = YES;
				CLANG_WARN_CONSTANT_CONVERSION = YES;
				CLANG_WARN_DEPRECATED_OBJC_IMPLEMENTATIONS = YES;
				CLANG_WARN_DIRECT_OBJC_ISA_USAGE = YES_ERROR;
				CLANG_WARN_DOCUMENTATION_COMMENTS = YES;
				CLANG_WARN_EMPTY_BODY = YES;
				CLANG_WARN_ENUM_CONVERSION = YES;
				CLANG_WARN_INFINITE_RECURSION = YES;
				CLANG_WARN_INT_CONVERSION = YES;
				CLANG_WARN_NON_LITERAL_NULL_CONVERSION = YES;
				CLANG_WARN_OBJC_IMPLICIT_RETAIN_SELF = YES;
				CLANG_WARN_OBJC_LITERAL_CONVERSION = YES;
				CLANG_WARN_OBJC_ROOT_CLASS = YES_ERROR;
				CLANG_WARN_QUOTED_INCLUDE_IN_FRAMEWORK_HEADER = YES;
				CLANG_WARN_RANGE_LOOP_ANALYSIS = YES;
				CLANG_WARN_STRICT_PROTOTYPES = YES;
				CLANG_WARN_SUSPICIOUS_MOVE = YES;
				CLANG_WARN_UNGUARDED_AVAILABILITY = YES_AGGRESSIVE;
				CLANG_WARN_UNREACHABLE_CODE = YES;
				CLANG_WARN__DUPLICATE_METHOD_MATCH = YES;
				COPY_PHASE_STRIP = NO;
				DEBUG_INFORMATION_FORMAT = dwarf;
				ENABLE_STRICT_OBJC_MSGSEND = YES;
				ENABLE_TESTABILITY = YES;
				GCC_C_LANGUAGE_STANDARD = gnu11;
				GCC_DYNAMIC_NO_PIC = NO;
				GCC_NO_COMMON_BLOCKS = YES;
				GCC_OPTIMIZATION_LEVEL = 0;
				GCC_PREPROCESSOR_DEFINITIONS = (
					"DEBUG=1",
					"$(inherited)",
				);
				GCC_WARN_64_TO_32_BIT_CONVERSION = YES;
				GCC_WARN_ABOUT_RETURN_TYPE = YES_ERROR;
				GCC_WARN_UNDECLARED_SELECTOR = YES;
				GCC_WARN_UNINITIALIZED_AUTOS = YES_AGGRESSIVE;
				GCC_WARN_UNUSED_FUNCTION = YES;
				GCC_WARN_UNUSED_VARIABLE = YES;
				IPHONEOS_DEPLOYMENT_TARGET = 15.0;
				MTL_ENABLE_DEBUG_INFO = INCLUDE_SOURCE;
				MTL_FAST_MATH = YES;
				ONLY_ACTIVE_ARCH = YES;
				SDKROOT = iphoneos;
				SWIFT_ACTIVE_COMPILATION_CONDITIONS = DEBUG;
				SWIFT_OPTIMIZATION_LEVEL = "-Onone";
			};
			name = Debug;
		};
		15E8F1D0289406B300E940C8 /* Release */ = {
			isa = XCBuildConfiguration;
			buildSettings = {
				ALWAYS_SEARCH_USER_PATHS = NO;
				CLANG_ANALYZER_NONNULL = YES;
				CLANG_ANALYZER_NUMBER_OBJECT_CONVERSION = YES_AGGRESSIVE;
				CLANG_CXX_LANGUAGE_STANDARD = "gnu++17";
				CLANG_ENABLE_MODULES = YES;
				CLANG_ENABLE_OBJC_ARC = YES;
				CLANG_ENABLE_OBJC_WEAK = YES;
				CLANG_WARN_BLOCK_CAPTURE_AUTORELEASING = YES;
				CLANG_WARN_BOOL_CONVERSION = YES;
				CLANG_WARN_COMMA = YES;
				CLANG_WARN_CONSTANT_CONVERSION = YES;
				CLANG_WARN_DEPRECATED_OBJC_IMPLEMENTATIONS = YES;
				CLANG_WARN_DIRECT_OBJC_ISA_USAGE = YES_ERROR;
				CLANG_WARN_DOCUMENTATION_COMMENTS = YES;
				CLANG_WARN_EMPTY_BODY = YES;
				CLANG_WARN_ENUM_CONVERSION = YES;
				CLANG_WARN_INFINITE_RECURSION = YES;
				CLANG_WARN_INT_CONVERSION = YES;
				CLANG_WARN_NON_LITERAL_NULL_CONVERSION = YES;
				CLANG_WARN_OBJC_IMPLICIT_RETAIN_SELF = YES;
				CLANG_WARN_OBJC_LITERAL_CONVERSION = YES;
				CLANG_WARN_OBJC_ROOT_CLASS = YES_ERROR;
				CLANG_WARN_QUOTED_INCLUDE_IN_FRAMEWORK_HEADER = YES;
				CLANG_WARN_RANGE_LOOP_ANALYSIS = YES;
				CLANG_WARN_STRICT_PROTOTYPES = YES;
				CLANG_WARN_SUSPICIOUS_MOVE = YES;
				CLANG_WARN_UNGUARDED_AVAILABILITY = YES_AGGRESSIVE;
				CLANG_WARN_UNREACHABLE_CODE = YES;
				CLANG_WARN__DUPLICATE_METHOD_MATCH = YES;
				COPY_PHASE_STRIP = NO;
				DEBUG_INFORMATION_FORMAT = "dwarf-with-dsym";
				ENABLE_NS_ASSERTIONS = NO;
				ENABLE_STRICT_OBJC_MSGSEND = YES;
				GCC_C_LANGUAGE_STANDARD = gnu11;
				GCC_NO_COMMON_BLOCKS = YES;
				GCC_WARN_64_TO_32_BIT_CONVERSION = YES;
				GCC_WARN_ABOUT_RETURN_TYPE = YES_ERROR;
				GCC_WARN_UNDECLARED_SELECTOR = YES;
				GCC_WARN_UNINITIALIZED_AUTOS = YES_AGGRESSIVE;
				GCC_WARN_UNUSED_FUNCTION = YES;
				GCC_WARN_UNUSED_VARIABLE = YES;
				IPHONEOS_DEPLOYMENT_TARGET = 15.0;
				MTL_ENABLE_DEBUG_INFO = NO;
				MTL_FAST_MATH = YES;
				SDKROOT = iphoneos;
				SWIFT_COMPILATION_MODE = wholemodule;
				SWIFT_OPTIMIZATION_LEVEL = "-O";
				VALIDATE_PRODUCT = YES;
			};
			name = Release;
		};
		15E8F1D2289406B300E940C8 /* Debug */ = {
			isa = XCBuildConfiguration;
			buildSettings = {
				ASSETCATALOG_COMPILER_APPICON_NAME = AppIcon;
				ASSETCATALOG_COMPILER_GLOBAL_ACCENT_COLOR_NAME = AccentColor;
				CODE_SIGN_STYLE = Automatic;
				CURRENT_PROJECT_VERSION = 1;
				DEVELOPMENT_ASSET_PATHS = "\"DesignCodeTraining/Preview Content\"";
				DEVELOPMENT_TEAM = 25JMG53SY2;
				ENABLE_PREVIEWS = YES;
				GENERATE_INFOPLIST_FILE = YES;
				INFOPLIST_KEY_UIApplicationSceneManifest_Generation = YES;
				INFOPLIST_KEY_UIApplicationSupportsIndirectInputEvents = YES;
				INFOPLIST_KEY_UILaunchScreen_Generation = YES;
				INFOPLIST_KEY_UISupportedInterfaceOrientations_iPad = "UIInterfaceOrientationPortrait UIInterfaceOrientationPortraitUpsideDown UIInterfaceOrientationLandscapeLeft UIInterfaceOrientationLandscapeRight";
				INFOPLIST_KEY_UISupportedInterfaceOrientations_iPhone = "UIInterfaceOrientationPortrait UIInterfaceOrientationLandscapeLeft UIInterfaceOrientationLandscapeRight";
				LD_RUNPATH_SEARCH_PATHS = (
					"$(inherited)",
					"@executable_path/Frameworks",
				);
				MARKETING_VERSION = 1.0;
				PRODUCT_BUNDLE_IDENTIFIER = "Szymon-Wnuk.DesignCodeTraining";
				PRODUCT_NAME = "$(TARGET_NAME)";
				SWIFT_EMIT_LOC_STRINGS = YES;
				SWIFT_VERSION = 5.0;
				TARGETED_DEVICE_FAMILY = "1,2";
			};
			name = Debug;
		};
		15E8F1D3289406B300E940C8 /* Release */ = {
			isa = XCBuildConfiguration;
			buildSettings = {
				ASSETCATALOG_COMPILER_APPICON_NAME = AppIcon;
				ASSETCATALOG_COMPILER_GLOBAL_ACCENT_COLOR_NAME = AccentColor;
				CODE_SIGN_STYLE = Automatic;
				CURRENT_PROJECT_VERSION = 1;
				DEVELOPMENT_ASSET_PATHS = "\"DesignCodeTraining/Preview Content\"";
				DEVELOPMENT_TEAM = 25JMG53SY2;
				ENABLE_PREVIEWS = YES;
				GENERATE_INFOPLIST_FILE = YES;
				INFOPLIST_KEY_UIApplicationSceneManifest_Generation = YES;
				INFOPLIST_KEY_UIApplicationSupportsIndirectInputEvents = YES;
				INFOPLIST_KEY_UILaunchScreen_Generation = YES;
				INFOPLIST_KEY_UISupportedInterfaceOrientations_iPad = "UIInterfaceOrientationPortrait UIInterfaceOrientationPortraitUpsideDown UIInterfaceOrientationLandscapeLeft UIInterfaceOrientationLandscapeRight";
				INFOPLIST_KEY_UISupportedInterfaceOrientations_iPhone = "UIInterfaceOrientationPortrait UIInterfaceOrientationLandscapeLeft UIInterfaceOrientationLandscapeRight";
				LD_RUNPATH_SEARCH_PATHS = (
					"$(inherited)",
					"@executable_path/Frameworks",
				);
				MARKETING_VERSION = 1.0;
				PRODUCT_BUNDLE_IDENTIFIER = "Szymon-Wnuk.DesignCodeTraining";
				PRODUCT_NAME = "$(TARGET_NAME)";
				SWIFT_EMIT_LOC_STRINGS = YES;
				SWIFT_VERSION = 5.0;
				TARGETED_DEVICE_FAMILY = "1,2";
			};
			name = Release;
		};
/* End XCBuildConfiguration section */

/* Begin XCConfigurationList section */
		15E8F1BE289406AD00E940C8 /* Build configuration list for PBXProject "DesignCodeTraining" */ = {
			isa = XCConfigurationList;
			buildConfigurations = (
				15E8F1CF289406B300E940C8 /* Debug */,
				15E8F1D0289406B300E940C8 /* Release */,
			);
			defaultConfigurationIsVisible = 0;
			defaultConfigurationName = Release;
		};
		15E8F1D1289406B300E940C8 /* Build configuration list for PBXNativeTarget "DesignCodeTraining" */ = {
			isa = XCConfigurationList;
			buildConfigurations = (
				15E8F1D2289406B300E940C8 /* Debug */,
				15E8F1D3289406B300E940C8 /* Release */,
			);
			defaultConfigurationIsVisible = 0;
			defaultConfigurationName = Release;
		};
/* End XCConfigurationList section */
	};
	rootObject = 15E8F1BB289406AD00E940C8 /* Project object */;
}
